// !$*UTF8*$!
{
	archiveVersion = 1;
	classes = {
	};
	objectVersion = 77;
	objects = {

/* Begin PBXBuildFile section */
		8D5DFA0D2DC518000088208B /* Mission.swift in Sources */ = {isa = PBXBuildFile; fileRef = 8D5DFA0C2DC518000088208B /* Mission.swift */; };
		8D5DFA0F2DC51E2D0088208B /* Color-Theme.swift in Sources */ = {isa = PBXBuildFile; fileRef = 8D5DFA0E2DC51E2D0088208B /* Color-Theme.swift */; };
		8D5DFA112DC51FA40088208B /* MissionView.swift in Sources */ = {isa = PBXBuildFile; fileRef = 8D5DFA102DC51FA40088208B /* MissionView.swift */; };
		8D8CD5802DC544AF00CE200C /* AstronautView.swift in Sources */ = {isa = PBXBuildFile; fileRef = 8D8CD57F2DC544AF00CE200C /* AstronautView.swift */; };
/* End PBXBuildFile section */

/* Begin PBXContainerItemProxy section */
		8D5DF9E62DC50E2D0088208B /* PBXContainerItemProxy */ = {
			isa = PBXContainerItemProxy;
			containerPortal = 8D5DF9D02DC50E2C0088208B /* Project object */;
			proxyType = 1;
			remoteGlobalIDString = 8D5DF9D72DC50E2C0088208B;
			remoteInfo = Moonshot;
		};
		8D5DF9F02DC50E2D0088208B /* PBXContainerItemProxy */ = {
			isa = PBXContainerItemProxy;
			containerPortal = 8D5DF9D02DC50E2C0088208B /* Project object */;
			proxyType = 1;
			remoteGlobalIDString = 8D5DF9D72DC50E2C0088208B;
			remoteInfo = Moonshot;
		};
/* End PBXContainerItemProxy section */

/* Begin PBXFileReference section */
		8D5DF9D82DC50E2C0088208B /* Moonshot.app */ = {isa = PBXFileReference; explicitFileType = wrapper.application; includeInIndex = 0; path = Moonshot.app; sourceTree = BUILT_PRODUCTS_DIR; };
		8D5DF9E52DC50E2D0088208B /* MoonshotTests.xctest */ = {isa = PBXFileReference; explicitFileType = wrapper.cfbundle; includeInIndex = 0; path = MoonshotTests.xctest; sourceTree = BUILT_PRODUCTS_DIR; };
		8D5DF9EF2DC50E2D0088208B /* MoonshotUITests.xctest */ = {isa = PBXFileReference; explicitFileType = wrapper.cfbundle; includeInIndex = 0; path = MoonshotUITests.xctest; sourceTree = BUILT_PRODUCTS_DIR; };
		8D5DFA0C2DC518000088208B /* Mission.swift */ = {isa = PBXFileReference; lastKnownFileType = sourcecode.swift; path = Mission.swift; sourceTree = "<group>"; };
		8D5DFA0E2DC51E2D0088208B /* Color-Theme.swift */ = {isa = PBXFileReference; lastKnownFileType = sourcecode.swift; path = "Color-Theme.swift"; sourceTree = "<group>"; };
		8D5DFA102DC51FA40088208B /* MissionView.swift */ = {isa = PBXFileReference; lastKnownFileType = sourcecode.swift; path = MissionView.swift; sourceTree = "<group>"; };
		8D8CD57F2DC544AF00CE200C /* AstronautView.swift */ = {isa = PBXFileReference; lastKnownFileType = sourcecode.swift; path = AstronautView.swift; sourceTree = "<group>"; };
/* End PBXFileReference section */

/* Begin PBXFileSystemSynchronizedRootGroup section */
		8D5DF9DA2DC50E2C0088208B /* Moonshot */ = {
			isa = PBXFileSystemSynchronizedRootGroup;
			path = Moonshot;
			sourceTree = "<group>";
		};
		8D5DF9E82DC50E2D0088208B /* MoonshotTests */ = {
			isa = PBXFileSystemSynchronizedRootGroup;
			path = MoonshotTests;
			sourceTree = "<group>";
		};
		8D5DF9F22DC50E2D0088208B /* MoonshotUITests */ = {
			isa = PBXFileSystemSynchronizedRootGroup;
			path = MoonshotUITests;
			sourceTree = "<group>";
		};
/* End PBXFileSystemSynchronizedRootGroup section */

/* Begin PBXFrameworksBuildPhase section */
		8D5DF9D52DC50E2C0088208B /* Frameworks */ = {
			isa = PBXFrameworksBuildPhase;
			buildActionMask = 2147483647;
			files = (
			);
			runOnlyForDeploymentPostprocessing = 0;
		};
		8D5DF9E22DC50E2D0088208B /* Frameworks */ = {
			isa = PBXFrameworksBuildPhase;
			buildActionMask = 2147483647;
			files = (
			);
			runOnlyForDeploymentPostprocessing = 0;
		};
		8D5DF9EC2DC50E2D0088208B /* Frameworks */ = {
			isa = PBXFrameworksBuildPhase;
			buildActionMask = 2147483647;
			files = (
			);
			runOnlyForDeploymentPostprocessing = 0;
		};
/* End PBXFrameworksBuildPhase section */

/* Begin PBXGroup section */
		8D5DF9CF2DC50E2C0088208B = {
			isa = PBXGroup;
			children = (
				8D8CD57F2DC544AF00CE200C /* AstronautView.swift */,
				8D5DFA102DC51FA40088208B /* MissionView.swift */,
				8D5DFA0C2DC518000088208B /* Mission.swift */,
				8D5DFA0E2DC51E2D0088208B /* Color-Theme.swift */,
				8D5DF9DA2DC50E2C0088208B /* Moonshot */,
				8D5DF9E82DC50E2D0088208B /* MoonshotTests */,
				8D5DF9F22DC50E2D0088208B /* MoonshotUITests */,
				8D5DF9D92DC50E2C0088208B /* Products */,
			);
			sourceTree = "<group>";
		};
		8D5DF9D92DC50E2C0088208B /* Products */ = {
			isa = PBXGroup;
			children = (
				8D5DF9D82DC50E2C0088208B /* Moonshot.app */,
				8D5DF9E52DC50E2D0088208B /* MoonshotTests.xctest */,
				8D5DF9EF2DC50E2D0088208B /* MoonshotUITests.xctest */,
			);
			name = Products;
			sourceTree = "<group>";
		};
/* End PBXGroup section */

/* Begin PBXNativeTarget section */
		8D5DF9D72DC50E2C0088208B /* Moonshot */ = {
			isa = PBXNativeTarget;
			buildConfigurationList = 8D5DF9F92DC50E2D0088208B /* Build configuration list for PBXNativeTarget "Moonshot" */;
			buildPhases = (
				8D5DF9D42DC50E2C0088208B /* Sources */,
				8D5DF9D52DC50E2C0088208B /* Frameworks */,
				8D5DF9D62DC50E2C0088208B /* Resources */,
			);
			buildRules = (
			);
			dependencies = (
			);
			fileSystemSynchronizedGroups = (
				8D5DF9DA2DC50E2C0088208B /* Moonshot */,
			);
			name = Moonshot;
			packageProductDependencies = (
			);
			productName = Moonshot;
			productReference = 8D5DF9D82DC50E2C0088208B /* Moonshot.app */;
			productType = "com.apple.product-type.application";
		};
		8D5DF9E42DC50E2D0088208B /* MoonshotTests */ = {
			isa = PBXNativeTarget;
			buildConfigurationList = 8D5DF9FC2DC50E2D0088208B /* Build configuration list for PBXNativeTarget "MoonshotTests" */;
			buildPhases = (
				8D5DF9E12DC50E2D0088208B /* Sources */,
				8D5DF9E22DC50E2D0088208B /* Frameworks */,
				8D5DF9E32DC50E2D0088208B /* Resources */,
			);
			buildRules = (
			);
			dependencies = (
				8D5DF9E72DC50E2D0088208B /* PBXTargetDependency */,
			);
			fileSystemSynchronizedGroups = (
				8D5DF9E82DC50E2D0088208B /* MoonshotTests */,
			);
			name = MoonshotTests;
			packageProductDependencies = (
			);
			productName = MoonshotTests;
			productReference = 8D5DF9E52DC50E2D0088208B /* MoonshotTests.xctest */;
			productType = "com.apple.product-type.bundle.unit-test";
		};
		8D5DF9EE2DC50E2D0088208B /* MoonshotUITests */ = {
			isa = PBXNativeTarget;
			buildConfigurationList = 8D5DF9FF2DC50E2D0088208B /* Build configuration list for PBXNativeTarget "MoonshotUITests" */;
			buildPhases = (
				8D5DF9EB2DC50E2D0088208B /* Sources */,
				8D5DF9EC2DC50E2D0088208B /* Frameworks */,
				8D5DF9ED2DC50E2D0088208B /* Resources */,
			);
			buildRules = (
			);
			dependencies = (
				8D5DF9F12DC50E2D0088208B /* PBXTargetDependency */,
			);
			fileSystemSynchronizedGroups = (
				8D5DF9F22DC50E2D0088208B /* MoonshotUITests */,
			);
			name = MoonshotUITests;
			packageProductDependencies = (
			);
			productName = MoonshotUITests;
			productReference = 8D5DF9EF2DC50E2D0088208B /* MoonshotUITests.xctest */;
			productType = "com.apple.product-type.bundle.ui-testing";
		};
/* End PBXNativeTarget section */

/* Begin PBXProject section */
		8D5DF9D02DC50E2C0088208B /* Project object */ = {
			isa = PBXProject;
			attributes = {
				BuildIndependentTargetsInParallel = 1;
				LastSwiftUpdateCheck = 1630;
				LastUpgradeCheck = 1630;
				TargetAttributes = {
					8D5DF9D72DC50E2C0088208B = {
						CreatedOnToolsVersion = 16.3;
					};
					8D5DF9E42DC50E2D0088208B = {
						CreatedOnToolsVersion = 16.3;
						TestTargetID = 8D5DF9D72DC50E2C0088208B;
					};
					8D5DF9EE2DC50E2D0088208B = {
						CreatedOnToolsVersion = 16.3;
						TestTargetID = 8D5DF9D72DC50E2C0088208B;
					};
				};
			};
			buildConfigurationList = 8D5DF9D32DC50E2C0088208B /* Build configuration list for PBXProject "Moonshot" */;
			developmentRegion = en;
			hasScannedForEncodings = 0;
			knownRegions = (
				en,
				Base,
			);
			mainGroup = 8D5DF9CF2DC50E2C0088208B;
			minimizedProjectReferenceProxies = 1;
			preferredProjectObjectVersion = 77;
			productRefGroup = 8D5DF9D92DC50E2C0088208B /* Products */;
			projectDirPath = "";
			projectRoot = "";
			targets = (
				8D5DF9D72DC50E2C0088208B /* Moonshot */,
				8D5DF9E42DC50E2D0088208B /* MoonshotTests */,
				8D5DF9EE2DC50E2D0088208B /* MoonshotUITests */,
			);
		};
/* End PBXProject section */

/* Begin PBXResourcesBuildPhase section */
		8D5DF9D62DC50E2C0088208B /* Resources */ = {
			isa = PBXResourcesBuildPhase;
			buildActionMask = 2147483647;
			files = (
			);
			runOnlyForDeploymentPostprocessing = 0;
		};
		8D5DF9E32DC50E2D0088208B /* Resources */ = {
			isa = PBXResourcesBuildPhase;
			buildActionMask = 2147483647;
			files = (
			);
			runOnlyForDeploymentPostprocessing = 0;
		};
		8D5DF9ED2DC50E2D0088208B /* Resources */ = {
			isa = PBXResourcesBuildPhase;
			buildActionMask = 2147483647;
			files = (
			);
			runOnlyForDeploymentPostprocessing = 0;
		};
/* End PBXResourcesBuildPhase section */

/* Begin PBXSourcesBuildPhase section */
		8D5DF9D42DC50E2C0088208B /* Sources */ = {
			isa = PBXSourcesBuildPhase;
			buildActionMask = 2147483647;
			files = (
				8D8CD5802DC544AF00CE200C /* AstronautView.swift in Sources */,
				8D5DFA112DC51FA40088208B /* MissionView.swift in Sources */,
				8D5DFA0F2DC51E2D0088208B /* Color-Theme.swift in Sources */,
				8D5DFA0D2DC518000088208B /* Mission.swift in Sources */,
			);
			runOnlyForDeploymentPostprocessing = 0;
		};
		8D5DF9E12DC50E2D0088208B /* Sources */ = {
			isa = PBXSourcesBuildPhase;
			buildActionMask = 2147483647;
			files = (
			);
			runOnlyForDeploymentPostprocessing = 0;
		};
		8D5DF9EB2DC50E2D0088208B /* Sources */ = {
			isa = PBXSourcesBuildPhase;
			buildActionMask = 2147483647;
			files = (
			);
			runOnlyForDeploymentPostprocessing = 0;
		};
/* End PBXSourcesBuildPhase section */

/* Begin PBXTargetDependency section */
		8D5DF9E72DC50E2D0088208B /* PBXTargetDependency */ = {
			isa = PBXTargetDependency;
			target = 8D5DF9D72DC50E2C0088208B /* Moonshot */;
			targetProxy = 8D5DF9E62DC50E2D0088208B /* PBXContainerItemProxy */;
		};
		8D5DF9F12DC50E2D0088208B /* PBXTargetDependency */ = {
			isa = PBXTargetDependency;
			target = 8D5DF9D72DC50E2C0088208B /* Moonshot */;
			targetProxy = 8D5DF9F02DC50E2D0088208B /* PBXContainerItemProxy */;
		};
/* End PBXTargetDependency section */

/* Begin XCBuildConfiguration section */
		8D5DF9F72DC50E2D0088208B /* Debug */ = {
			isa = XCBuildConfiguration;
			buildSettings = {
				ALWAYS_SEARCH_USER_PATHS = NO;
				ASSETCATALOG_COMPILER_GENERATE_SWIFT_ASSET_SYMBOL_EXTENSIONS = YES;
				CLANG_ANALYZER_NONNULL = YES;
				CLANG_ANALYZER_NUMBER_OBJECT_CONVERSION = YES_AGGRESSIVE;
				CLANG_CXX_LANGUAGE_STANDARD = "gnu++20";
				CLANG_ENABLE_MODULES = YES;
				CLANG_ENABLE_OBJC_ARC = YES;
				CLANG_ENABLE_OBJC_WEAK = YES;
				CLANG_WARN_BLOCK_CAPTURE_AUTORELEASING = YES;
				CLANG_WARN_BOOL_CONVERSION = YES;
				CLANG_WARN_COMMA = YES;
				CLANG_WARN_CONSTANT_CONVERSION = YES;
				CLANG_WARN_DEPRECATED_OBJC_IMPLEMENTATIONS = YES;
				CLANG_WARN_DIRECT_OBJC_ISA_USAGE = YES_ERROR;
				CLANG_WARN_DOCUMENTATION_COMMENTS = YES;
				CLANG_WARN_EMPTY_BODY = YES;
				CLANG_WARN_ENUM_CONVERSION = YES;
				CLANG_WARN_INFINITE_RECURSION = YES;
				CLANG_WARN_INT_CONVERSION = YES;
				CLANG_WARN_NON_LITERAL_NULL_CONVERSION = YES;
				CLANG_WARN_OBJC_IMPLICIT_RETAIN_SELF = YES;
				CLANG_WARN_OBJC_LITERAL_CONVERSION = YES;
				CLANG_WARN_OBJC_ROOT_CLASS = YES_ERROR;
				CLANG_WARN_QUOTED_INCLUDE_IN_FRAMEWORK_HEADER = YES;
				CLANG_WARN_RANGE_LOOP_ANALYSIS = YES;
				CLANG_WARN_STRICT_PROTOTYPES = YES;
				CLANG_WARN_SUSPICIOUS_MOVE = YES;
				CLANG_WARN_UNGUARDED_AVAILABILITY = YES_AGGRESSIVE;
				CLANG_WARN_UNREACHABLE_CODE = YES;
				CLANG_WARN__DUPLICATE_METHOD_MATCH = YES;
				COPY_PHASE_STRIP = NO;
				DEBUG_INFORMATION_FORMAT = dwarf;
				DEVELOPMENT_TEAM = 3Z8BWG9G9Y;
				ENABLE_STRICT_OBJC_MSGSEND = YES;
				ENABLE_TESTABILITY = YES;
				ENABLE_USER_SCRIPT_SANDBOXING = YES;
				GCC_C_LANGUAGE_STANDARD = gnu17;
				GCC_DYNAMIC_NO_PIC = NO;
				GCC_NO_COMMON_BLOCKS = YES;
				GCC_OPTIMIZATION_LEVEL = 0;
				GCC_PREPROCESSOR_DEFINITIONS = (
					"DEBUG=1",
					"$(inherited)",
				);
				GCC_WARN_64_TO_32_BIT_CONVERSION = YES;
				GCC_WARN_ABOUT_RETURN_TYPE = YES_ERROR;
				GCC_WARN_UNDECLARED_SELECTOR = YES;
				GCC_WARN_UNINITIALIZED_AUTOS = YES_AGGRESSIVE;
				GCC_WARN_UNUSED_FUNCTION = YES;
				GCC_WARN_UNUSED_VARIABLE = YES;
				IPHONEOS_DEPLOYMENT_TARGET = 18.4;
				LOCALIZATION_PREFERS_STRING_CATALOGS = YES;
				MTL_ENABLE_DEBUG_INFO = INCLUDE_SOURCE;
				MTL_FAST_MATH = YES;
				ONLY_ACTIVE_ARCH = YES;
				SDKROOT = iphoneos;
				SWIFT_ACTIVE_COMPILATION_CONDITIONS = "DEBUG $(inherited)";
				SWIFT_OPTIMIZATION_LEVEL = "-Onone";
			};
			name = Debug;
		};
		8D5DF9F82DC50E2D0088208B /* Release */ = {
			isa = XCBuildConfiguration;
			buildSettings = {
				ALWAYS_SEARCH_USER_PATHS = NO;
				ASSETCATALOG_COMPILER_GENERATE_SWIFT_ASSET_SYMBOL_EXTENSIONS = YES;
				CLANG_ANALYZER_NONNULL = YES;
				CLANG_ANALYZER_NUMBER_OBJECT_CONVERSION = YES_AGGRESSIVE;
				CLANG_CXX_LANGUAGE_STANDARD = "gnu++20";
				CLANG_ENABLE_MODULES = YES;
				CLANG_ENABLE_OBJC_ARC = YES;
				CLANG_ENABLE_OBJC_WEAK = YES;
				CLANG_WARN_BLOCK_CAPTURE_AUTORELEASING = YES;
				CLANG_WARN_BOOL_CONVERSION = YES;
				CLANG_WARN_COMMA = YES;
				CLANG_WARN_CONSTANT_CONVERSION = YES;
				CLANG_WARN_DEPRECATED_OBJC_IMPLEMENTATIONS = YES;
				CLANG_WARN_DIRECT_OBJC_ISA_USAGE = YES_ERROR;
				CLANG_WARN_DOCUMENTATION_COMMENTS = YES;
				CLANG_WARN_EMPTY_BODY = YES;
				CLANG_WARN_ENUM_CONVERSION = YES;
				CLANG_WARN_INFINITE_RECURSION = YES;
				CLANG_WARN_INT_CONVERSION = YES;
				CLANG_WARN_NON_LITERAL_NULL_CONVERSION = YES;
				CLANG_WARN_OBJC_IMPLICIT_RETAIN_SELF = YES;
				CLANG_WARN_OBJC_LITERAL_CONVERSION = YES;
				CLANG_WARN_OBJC_ROOT_CLASS = YES_ERROR;
				CLANG_WARN_QUOTED_INCLUDE_IN_FRAMEWORK_HEADER = YES;
				CLANG_WARN_RANGE_LOOP_ANALYSIS = YES;
				CLANG_WARN_STRICT_PROTOTYPES = YES;
				CLANG_WARN_SUSPICIOUS_MOVE = YES;
				CLANG_WARN_UNGUARDED_AVAILABILITY = YES_AGGRESSIVE;
				CLANG_WARN_UNREACHABLE_CODE = YES;
				CLANG_WARN__DUPLICATE_METHOD_MATCH = YES;
				COPY_PHASE_STRIP = NO;
				DEBUG_INFORMATION_FORMAT = "dwarf-with-dsym";
				DEVELOPMENT_TEAM = 3Z8BWG9G9Y;
				ENABLE_NS_ASSERTIONS = NO;
				ENABLE_STRICT_OBJC_MSGSEND = YES;
				ENABLE_USER_SCRIPT_SANDBOXING = YES;
				GCC_C_LANGUAGE_STANDARD = gnu17;
				GCC_NO_COMMON_BLOCKS = YES;
				GCC_WARN_64_TO_32_BIT_CONVERSION = YES;
				GCC_WARN_ABOUT_RETURN_TYPE = YES_ERROR;
				GCC_WARN_UNDECLARED_SELECTOR = YES;
				GCC_WARN_UNINITIALIZED_AUTOS = YES_AGGRESSIVE;
				GCC_WARN_UNUSED_FUNCTION = YES;
				GCC_WARN_UNUSED_VARIABLE = YES;
				IPHONEOS_DEPLOYMENT_TARGET = 18.4;
				LOCALIZATION_PREFERS_STRING_CATALOGS = YES;
				MTL_ENABLE_DEBUG_INFO = NO;
				MTL_FAST_MATH = YES;
				SDKROOT = iphoneos;
				SWIFT_COMPILATION_MODE = wholemodule;
				VALIDATE_PRODUCT = YES;
			};
			name = Release;
		};
		8D5DF9FA2DC50E2D0088208B /* Debug */ = {
			isa = XCBuildConfiguration;
			buildSettings = {
				ASSETCATALOG_COMPILER_APPICON_NAME = AppIcon;
				ASSETCATALOG_COMPILER_GLOBAL_ACCENT_COLOR_NAME = AccentColor;
				CODE_SIGN_STYLE = Automatic;
				CURRENT_PROJECT_VERSION = 1;
				DEVELOPMENT_TEAM = 3Z8BWG9G9Y;
				ENABLE_PREVIEWS = YES;
				GENERATE_INFOPLIST_FILE = YES;
				INFOPLIST_KEY_UIApplicationSceneManifest_Generation = YES;
				INFOPLIST_KEY_UIApplicationSupportsIndirectInputEvents = YES;
				INFOPLIST_KEY_UILaunchScreen_Generation = YES;
				INFOPLIST_KEY_UISupportedInterfaceOrientations_iPad = "UIInterfaceOrientationPortrait UIInterfaceOrientationPortraitUpsideDown UIInterfaceOrientationLandscapeLeft UIInterfaceOrientationLandscapeRight";
				INFOPLIST_KEY_UISupportedInterfaceOrientations_iPhone = "UIInterfaceOrientationPortrait UIInterfaceOrientationLandscapeLeft UIInterfaceOrientationLandscapeRight";
				LD_RUNPATH_SEARCH_PATHS = (
					"$(inherited)",
					"@executable_path/Frameworks",
				);
				MARKETING_VERSION = 1.0;
				PRODUCT_BUNDLE_IDENTIFIER = com.armaangupta57.Moonshot;
				PRODUCT_NAME = "$(TARGET_NAME)";
				SWIFT_EMIT_LOC_STRINGS = YES;
				SWIFT_VERSION = 5.0;
				TARGETED_DEVICE_FAMILY = "1,2";
			};
			name = Debug;
		};
		8D5DF9FB2DC50E2D0088208B /* Release */ = {
			isa = XCBuildConfiguration;
			buildSettings = {
				ASSETCATALOG_COMPILER_APPICON_NAME = AppIcon;
				ASSETCATALOG_COMPILER_GLOBAL_ACCENT_COLOR_NAME = AccentColor;
				CODE_SIGN_STYLE = Automatic;
				CURRENT_PROJECT_VERSION = 1;
				DEVELOPMENT_TEAM = 3Z8BWG9G9Y;
				ENABLE_PREVIEWS = YES;
				GENERATE_INFOPLIST_FILE = YES;
				INFOPLIST_KEY_UIApplicationSceneManifest_Generation = YES;
				INFOPLIST_KEY_UIApplicationSupportsIndirectInputEvents = YES;
				INFOPLIST_KEY_UILaunchScreen_Generation = YES;
				INFOPLIST_KEY_UISupportedInterfaceOrientations_iPad = "UIInterfaceOrientationPortrait UIInterfaceOrientationPortraitUpsideDown UIInterfaceOrientationLandscapeLeft UIInterfaceOrientationLandscapeRight";
				INFOPLIST_KEY_UISupportedInterfaceOrientations_iPhone = "UIInterfaceOrientationPortrait UIInterfaceOrientationLandscapeLeft UIInterfaceOrientationLandscapeRight";
				LD_RUNPATH_SEARCH_PATHS = (
					"$(inherited)",
					"@executable_path/Frameworks",
				);
				MARKETING_VERSION = 1.0;
				PRODUCT_BUNDLE_IDENTIFIER = com.armaangupta57.Moonshot;
				PRODUCT_NAME = "$(TARGET_NAME)";
				SWIFT_EMIT_LOC_STRINGS = YES;
				SWIFT_VERSION = 5.0;
				TARGETED_DEVICE_FAMILY = "1,2";
			};
			name = Release;
		};
		8D5DF9FD2DC50E2D0088208B /* Debug */ = {
			isa = XCBuildConfiguration;
			buildSettings = {
				BUNDLE_LOADER = "$(TEST_HOST)";
				CODE_SIGN_STYLE = Automatic;
				CURRENT_PROJECT_VERSION = 1;
				DEVELOPMENT_TEAM = 3Z8BWG9G9Y;
				GENERATE_INFOPLIST_FILE = YES;
				IPHONEOS_DEPLOYMENT_TARGET = 18.4;
				MARKETING_VERSION = 1.0;
				PRODUCT_BUNDLE_IDENTIFIER = com.armaangupta57.MoonshotTests;
				PRODUCT_NAME = "$(TARGET_NAME)";
				SWIFT_EMIT_LOC_STRINGS = NO;
				SWIFT_VERSION = 5.0;
				TARGETED_DEVICE_FAMILY = "1,2";
				TEST_HOST = "$(BUILT_PRODUCTS_DIR)/Moonshot.app/$(BUNDLE_EXECUTABLE_FOLDER_PATH)/Moonshot";
			};
			name = Debug;
		};
		8D5DF9FE2DC50E2D0088208B /* Release */ = {
			isa = XCBuildConfiguration;
			buildSettings = {
				BUNDLE_LOADER = "$(TEST_HOST)";
				CODE_SIGN_STYLE = Automatic;
				CURRENT_PROJECT_VERSION = 1;
				DEVELOPMENT_TEAM = 3Z8BWG9G9Y;
				GENERATE_INFOPLIST_FILE = YES;
				IPHONEOS_DEPLOYMENT_TARGET = 18.4;
				MARKETING_VERSION = 1.0;
				PRODUCT_BUNDLE_IDENTIFIER = com.armaangupta57.MoonshotTests;
				PRODUCT_NAME = "$(TARGET_NAME)";
				SWIFT_EMIT_LOC_STRINGS = NO;
				SWIFT_VERSION = 5.0;
				TARGETED_DEVICE_FAMILY = "1,2";
				TEST_HOST = "$(BUILT_PRODUCTS_DIR)/Moonshot.app/$(BUNDLE_EXECUTABLE_FOLDER_PATH)/Moonshot";
			};
			name = Release;
		};
		8D5DFA002DC50E2D0088208B /* Debug */ = {
			isa = XCBuildConfiguration;
			buildSettings = {
				CODE_SIGN_STYLE = Automatic;
				CURRENT_PROJECT_VERSION = 1;
				DEVELOPMENT_TEAM = 3Z8BWG9G9Y;
				GENERATE_INFOPLIST_FILE = YES;
				MARKETING_VERSION = 1.0;
				PRODUCT_BUNDLE_IDENTIFIER = com.armaangupta57.MoonshotUITests;
				PRODUCT_NAME = "$(TARGET_NAME)";
				SWIFT_EMIT_LOC_STRINGS = NO;
				SWIFT_VERSION = 5.0;
				TARGETED_DEVICE_FAMILY = "1,2";
				TEST_TARGET_NAME = Moonshot;
			};
			name = Debug;
		};
		8D5DFA012DC50E2D0088208B /* Release */ = {
			isa = XCBuildConfiguration;
			buildSettings = {
				CODE_SIGN_STYLE = Automatic;
				CURRENT_PROJECT_VERSION = 1;
				DEVELOPMENT_TEAM = 3Z8BWG9G9Y;
				GENERATE_INFOPLIST_FILE = YES;
				MARKETING_VERSION = 1.0;
				PRODUCT_BUNDLE_IDENTIFIER = com.armaangupta57.MoonshotUITests;
				PRODUCT_NAME = "$(TARGET_NAME)";
				SWIFT_EMIT_LOC_STRINGS = NO;
				SWIFT_VERSION = 5.0;
				TARGETED_DEVICE_FAMILY = "1,2";
				TEST_TARGET_NAME = Moonshot;
			};
			name = Release;
		};
/* End XCBuildConfiguration section */

/* Begin XCConfigurationList section */
		8D5DF9D32DC50E2C0088208B /* Build configuration list for PBXProject "Moonshot" */ = {
			isa = XCConfigurationList;
			buildConfigurations = (
				8D5DF9F72DC50E2D0088208B /* Debug */,
				8D5DF9F82DC50E2D0088208B /* Release */,
			);
			defaultConfigurationIsVisible = 0;
			defaultConfigurationName = Release;
		};
		8D5DF9F92DC50E2D0088208B /* Build configuration list for PBXNativeTarget "Moonshot" */ = {
			isa = XCConfigurationList;
			buildConfigurations = (
				8D5DF9FA2DC50E2D0088208B /* Debug */,
				8D5DF9FB2DC50E2D0088208B /* Release */,
			);
			defaultConfigurationIsVisible = 0;
			defaultConfigurationName = Release;
		};
		8D5DF9FC2DC50E2D0088208B /* Build configuration list for PBXNativeTarget "MoonshotTests" */ = {
			isa = XCConfigurationList;
			buildConfigurations = (
				8D5DF9FD2DC50E2D0088208B /* Debug */,
				8D5DF9FE2DC50E2D0088208B /* Release */,
			);
			defaultConfigurationIsVisible = 0;
			defaultConfigurationName = Release;
		};
		8D5DF9FF2DC50E2D0088208B /* Build configuration list for PBXNativeTarget "MoonshotUITests" */ = {
			isa = XCConfigurationList;
			buildConfigurations = (
				8D5DFA002DC50E2D0088208B /* Debug */,
				8D5DFA012DC50E2D0088208B /* Release */,
			);
			defaultConfigurationIsVisible = 0;
			defaultConfigurationName = Release;
		};
/* End XCConfigurationList section */
	};
	rootObject = 8D5DF9D02DC50E2C0088208B /* Project object */;
}
